
Microsoft Visual Studio Solution File, Format Version 12.00
# Visual Studio Version 17
VisualStudioVersion = 17.5.002.0
MinimumVisualStudioVersion = 10.0.40219.1
Project("{9A19103F-16F7-4668-BE54-9A1E7A4F7556}") = "addon-model-converter", "addon-model-converter.csproj", "{396E7345-69F9-454D-9099-50AEA5947B0A}"
EndProject
Global
	GlobalSection(SolutionConfigurationPlatforms) = preSolution
		Debug|Any CPU = Debug|Any CPU
		Release|Any CPU = Release|Any CPU
	EndGlobalSection
	GlobalSection(ProjectConfigurationPlatforms) = postSolution
		{396E7345-69F9-454D-9099-50AEA5947B0A}.Debug|Any CPU.ActiveCfg = Debug|Any CPU
		{396E7345-69F9-454D-9099-50AEA5947B0A}.Debug|Any CPU.Build.0 = Debug|Any CPU
		{396E7345-69F9-454D-9099-50AEA5947B0A}.Release|Any CPU.ActiveCfg = Release|Any CPU
		{396E7345-69F9-454D-9099-50AEA5947B0A}.Release|Any CPU.Build.0 = Release|Any CPU
	EndGlobalSection
	GlobalSection(SolutionProperties) = preSolution
		HideSolutionNode = FALSE
	EndGlobalSection
	GlobalSection(ExtensibilityGlobals) = postSolution
		SolutionGuid = {430690A6-8BD1-43BC-B396-AE1358AFFF43}
	EndGlobalSection
EndGlobal
